
Microsoft Visual Studio Solution File, Format Version 12.00
# Visual Studio Version 17
VisualStudioVersion = 17.14.36121.58
MinimumVisualStudioVersion = 10.0.40219.1
Project("{FAE04EC0-301F-11D3-BF4B-00C04F79EFBC}") = "DAL_PolyCafe", "DAL_PolyCafe\DAL_PolyCafe.csproj", "{8D99409B-2420-4561-B5D7-6062E7AB16A2}"
EndProject
Project("{FAE04EC0-301F-11D3-BF4B-00C04F79EFBC}") = "BLL_PolyCafe", "BLL_PolyCafe\BLL_PolyCafe.csproj", "{0054D1EE-8687-4BC4-86F2-AF59805D7478}"
EndProject
Project("{FAE04EC0-301F-11D3-BF4B-00C04F79EFBC}") = "DTO_PolyCafe", "DTO_PolyCafe\DTO_PolyCafe.csproj", "{5C5E6AB8-EA6C-4D33-BF92-C93AF01446BF}"
EndProject
Project("{FAE04EC0-301F-11D3-BF4B-00C04F79EFBC}") = "UTIL_PolyCafe", "UTIL_PolyCafe\UTIL_PolyCafe.csproj", "{6E4E85D9-B42E-4E31-8E65-5F457A31371C}"
EndProject
Project("{FAE04EC0-301F-11D3-BF4B-00C04F79EFBC}") = "GUI_PolyCafe", "GUI_PolyCafe\GUI_PolyCafe.csproj", "{B1E1AFED-50AD-153D-F269-B0BEA90CD280}"
EndProject
Global
	GlobalSection(SolutionConfigurationPlatforms) = preSolution
		Debug|Any CPU = Debug|Any CPU
		Release|Any CPU = Release|Any CPU
	EndGlobalSection
	GlobalSection(ProjectConfigurationPlatforms) = postSolution
		{8D99409B-2420-4561-B5D7-6062E7AB16A2}.Debug|Any CPU.ActiveCfg = Debug|Any CPU
		{8D99409B-2420-4561-B5D7-6062E7AB16A2}.Debug|Any CPU.Build.0 = Debug|Any CPU
		{8D99409B-2420-4561-B5D7-6062E7AB16A2}.Release|Any CPU.ActiveCfg = Release|Any CPU
		{8D99409B-2420-4561-B5D7-6062E7AB16A2}.Release|Any CPU.Build.0 = Release|Any CPU
		{0054D1EE-8687-4BC4-86F2-AF59805D7478}.Debug|Any CPU.ActiveCfg = Debug|Any CPU
		{0054D1EE-8687-4BC4-86F2-AF59805D7478}.Debug|Any CPU.Build.0 = Debug|Any CPU
		{0054D1EE-8687-4BC4-86F2-AF59805D7478}.Release|Any CPU.ActiveCfg = Release|Any CPU
		{0054D1EE-8687-4BC4-86F2-AF59805D7478}.Release|Any CPU.Build.0 = Release|Any CPU
		{5C5E6AB8-EA6C-4D33-BF92-C93AF01446BF}.Debug|Any CPU.ActiveCfg = Debug|Any CPU
		{5C5E6AB8-EA6C-4D33-BF92-C93AF01446BF}.Debug|Any CPU.Build.0 = Debug|Any CPU
		{5C5E6AB8-EA6C-4D33-BF92-C93AF01446BF}.Release|Any CPU.ActiveCfg = Release|Any CPU
		{5C5E6AB8-EA6C-4D33-BF92-C93AF01446BF}.Release|Any CPU.Build.0 = Release|Any CPU
		{6E4E85D9-B42E-4E31-8E65-5F457A31371C}.Debug|Any CPU.ActiveCfg = Debug|Any CPU
		{6E4E85D9-B42E-4E31-8E65-5F457A31371C}.Debug|Any CPU.Build.0 = Debug|Any CPU
		{6E4E85D9-B42E-4E31-8E65-5F457A31371C}.Release|Any CPU.ActiveCfg = Release|Any CPU
		{6E4E85D9-B42E-4E31-8E65-5F457A31371C}.Release|Any CPU.Build.0 = Release|Any CPU
		{B1E1AFED-50AD-153D-F269-B0BEA90CD280}.Debug|Any CPU.ActiveCfg = Debug|Any CPU
		{B1E1AFED-50AD-153D-F269-B0BEA90CD280}.Debug|Any CPU.Build.0 = Debug|Any CPU
		{B1E1AFED-50AD-153D-F269-B0BEA90CD280}.Release|Any CPU.ActiveCfg = Release|Any CPU
		{B1E1AFED-50AD-153D-F269-B0BEA90CD280}.Release|Any CPU.Build.0 = Release|Any CPU
	EndGlobalSection
	GlobalSection(SolutionProperties) = preSolution
		HideSolutionNode = FALSE
	EndGlobalSection
	GlobalSection(ExtensibilityGlobals) = postSolution
		SolutionGuid = {F57CB0D2-4268-4C16-AF92-C9B873857806}
	EndGlobalSection
EndGlobal
